
Microsoft Visual Studio Solution File, Format Version 12.00
# Visual Studio Version 16
VisualStudioVersion = 16.0.29424.173
MinimumVisualStudioVersion = 10.0.40219.1
Project("{9A19103F-16F7-4668-BE54-9A1E7A4F7556}") = "osu.Game", "osu.Game\osu.Game.csproj", "{2A66DD92-ADB1-4994-89E2-C94E04ACDA0D}"
EndProject
Project("{9A19103F-16F7-4668-BE54-9A1E7A4F7556}") = "osu.Game.Rulesets.Osu", "osu.Game.Rulesets.Osu\osu.Game.Rulesets.Osu.csproj", "{C92A607B-1FDD-4954-9F92-03FF547D9080}"
EndProject
Project("{9A19103F-16F7-4668-BE54-9A1E7A4F7556}") = "osu.Game.Rulesets.Catch", "osu.Game.Rulesets.Catch\osu.Game.Rulesets.Catch.csproj", "{58F6C80C-1253-4A0E-A465-B8C85EBEADF3}"
EndProject
Project("{9A19103F-16F7-4668-BE54-9A1E7A4F7556}") = "osu.Game.Rulesets.Taiko", "osu.Game.Rulesets.Taiko\osu.Game.Rulesets.Taiko.csproj", "{F167E17A-7DE6-4AF5-B920-A5112296C695}"
EndProject
Project("{9A19103F-16F7-4668-BE54-9A1E7A4F7556}") = "osu.Game.Rulesets.Mania", "osu.Game.Rulesets.Mania\osu.Game.Rulesets.Mania.csproj", "{48F4582B-7687-4621-9CBE-5C24197CB536}"
EndProject
Project("{9A19103F-16F7-4668-BE54-9A1E7A4F7556}") = "osu.Game.Tests", "osu.Game.Tests\osu.Game.Tests.csproj", "{54377672-20B1-40AF-8087-5CF73BF3953A}"
EndProject
Project("{9A19103F-16F7-4668-BE54-9A1E7A4F7556}") = "osu.Desktop", "osu.Desktop\osu.Desktop.csproj", "{419659FD-72EA-4678-9EB8-B22A746CED70}"
EndProject
Project("{9A19103F-16F7-4668-BE54-9A1E7A4F7556}") = "osu.Game.Rulesets.Catch.Tests", "osu.Game.Rulesets.Catch.Tests\osu.Game.Rulesets.Catch.Tests.csproj", "{3AD63355-D6B1-4365-8D31-5652C989BEF1}"
EndProject
Project("{9A19103F-16F7-4668-BE54-9A1E7A4F7556}") = "osu.Game.Rulesets.Mania.Tests", "osu.Game.Rulesets.Mania.Tests\osu.Game.Rulesets.Mania.Tests.csproj", "{7E9E9C34-B204-406B-82E2-E01E900699CD}"
EndProject
Project("{9A19103F-16F7-4668-BE54-9A1E7A4F7556}") = "osu.Game.Rulesets.Taiko.Tests", "osu.Game.Rulesets.Taiko.Tests\osu.Game.Rulesets.Taiko.Tests.csproj", "{B698561F-FB28-46B1-857E-3CA7B92F9D70}"
EndProject
Project("{9A19103F-16F7-4668-BE54-9A1E7A4F7556}") = "osu.Game.Rulesets.Osu.Tests", "osu.Game.Rulesets.Osu.Tests\osu.Game.Rulesets.Osu.Tests.csproj", "{6A2D5D58-0261-4A75-BE84-2BE8B076B7C2}"
EndProject
Project("{9A19103F-16F7-4668-BE54-9A1E7A4F7556}") = "osu.Game.Tournament", "osu.Game.Tournament\osu.Game.Tournament.csproj", "{5672CA4D-1B37-425B-A118-A8DA26E78938}"
EndProject
Project("{9A19103F-16F7-4668-BE54-9A1E7A4F7556}") = "osu.Game.Tournament.Tests", "osu.Game.Tournament.Tests\osu.Game.Tournament.Tests.csproj", "{5789E78D-38F9-4072-AB7B-978F34B2C17F}"
EndProject
Project("{2150E333-8FDC-42A3-9474-1A3956D46DE8}") = "Solution Items", "Solution Items", "{10DF8F12-50FD-45D8-8A38-17BA764BF54D}"
	ProjectSection(SolutionItems) = preProject
		.editorconfig = .editorconfig
		Directory.Build.props = Directory.Build.props
		global.json = global.json
		osu.sln.DotSettings = osu.sln.DotSettings
		osu.TestProject.props = osu.TestProject.props
	EndProjectSection
EndProject
Project("{9A19103F-16F7-4668-BE54-9A1E7A4F7556}") = "osu.Game.Benchmarks", "osu.Game.Benchmarks\osu.Game.Benchmarks.csproj", "{93632F2D-2BB4-46C1-A7B8-F8CF2FB27118}"
EndProject
Global
	GlobalSection(SolutionConfigurationPlatforms) = preSolution
		Debug|Any CPU = Debug|Any CPU
		Debug|iPhone = Debug|iPhone
		Debug|iPhoneSimulator = Debug|iPhoneSimulator
		Debug|x64 = Debug|x64
		Release|Any CPU = Release|Any CPU
		Release|iPhone = Release|iPhone
		Release|iPhoneSimulator = Release|iPhoneSimulator
		Release|x64 = Release|x64
	EndGlobalSection
	GlobalSection(ProjectConfigurationPlatforms) = postSolution
		{2A66DD92-ADB1-4994-89E2-C94E04ACDA0D}.Debug|Any CPU.ActiveCfg = Debug|Any CPU
		{2A66DD92-ADB1-4994-89E2-C94E04ACDA0D}.Debug|Any CPU.Build.0 = Debug|Any CPU
		{2A66DD92-ADB1-4994-89E2-C94E04ACDA0D}.Debug|iPhone.ActiveCfg = Debug|Any CPU
		{2A66DD92-ADB1-4994-89E2-C94E04ACDA0D}.Debug|iPhone.Build.0 = Debug|Any CPU
		{2A66DD92-ADB1-4994-89E2-C94E04ACDA0D}.Debug|iPhoneSimulator.ActiveCfg = Debug|Any CPU
		{2A66DD92-ADB1-4994-89E2-C94E04ACDA0D}.Debug|iPhoneSimulator.Build.0 = Debug|Any CPU
		{2A66DD92-ADB1-4994-89E2-C94E04ACDA0D}.Debug|x64.ActiveCfg = Debug|Any CPU
		{2A66DD92-ADB1-4994-89E2-C94E04ACDA0D}.Debug|x64.Build.0 = Debug|Any CPU
		{2A66DD92-ADB1-4994-89E2-C94E04ACDA0D}.Release|Any CPU.ActiveCfg = Release|Any CPU
		{2A66DD92-ADB1-4994-89E2-C94E04ACDA0D}.Release|Any CPU.Build.0 = Release|Any CPU
		{2A66DD92-ADB1-4994-89E2-C94E04ACDA0D}.Release|iPhone.ActiveCfg = Release|Any CPU
		{2A66DD92-ADB1-4994-89E2-C94E04ACDA0D}.Release|iPhone.Build.0 = Release|Any CPU
		{2A66DD92-ADB1-4994-89E2-C94E04ACDA0D}.Release|iPhoneSimulator.ActiveCfg = Release|Any CPU
		{2A66DD92-ADB1-4994-89E2-C94E04ACDA0D}.Release|iPhoneSimulator.Build.0 = Release|Any CPU
		{2A66DD92-ADB1-4994-89E2-C94E04ACDA0D}.Release|x64.ActiveCfg = Release|Any CPU
		{2A66DD92-ADB1-4994-89E2-C94E04ACDA0D}.Release|x64.Build.0 = Release|Any CPU
		{C92A607B-1FDD-4954-9F92-03FF547D9080}.Debug|Any CPU.ActiveCfg = Debug|Any CPU
		{C92A607B-1FDD-4954-9F92-03FF547D9080}.Debug|Any CPU.Build.0 = Debug|Any CPU
		{C92A607B-1FDD-4954-9F92-03FF547D9080}.Debug|iPhone.ActiveCfg = Debug|Any CPU
		{C92A607B-1FDD-4954-9F92-03FF547D9080}.Debug|iPhone.Build.0 = Debug|Any CPU
		{C92A607B-1FDD-4954-9F92-03FF547D9080}.Debug|iPhoneSimulator.ActiveCfg = Debug|Any CPU
		{C92A607B-1FDD-4954-9F92-03FF547D9080}.Debug|iPhoneSimulator.Build.0 = Debug|Any CPU
		{C92A607B-1FDD-4954-9F92-03FF547D9080}.Debug|x64.ActiveCfg = Debug|Any CPU
		{C92A607B-1FDD-4954-9F92-03FF547D9080}.Debug|x64.Build.0 = Debug|Any CPU
		{C92A607B-1FDD-4954-9F92-03FF547D9080}.Release|Any CPU.ActiveCfg = Release|Any CPU
		{C92A607B-1FDD-4954-9F92-03FF547D9080}.Release|Any CPU.Build.0 = Release|Any CPU
		{C92A607B-1FDD-4954-9F92-03FF547D9080}.Release|iPhone.ActiveCfg = Release|Any CPU
		{C92A607B-1FDD-4954-9F92-03FF547D9080}.Release|iPhone.Build.0 = Release|Any CPU
		{C92A607B-1FDD-4954-9F92-03FF547D9080}.Release|iPhoneSimulator.ActiveCfg = Release|Any CPU
		{C92A607B-1FDD-4954-9F92-03FF547D9080}.Release|iPhoneSimulator.Build.0 = Release|Any CPU
		{C92A607B-1FDD-4954-9F92-03FF547D9080}.Release|x64.ActiveCfg = Release|Any CPU
		{C92A607B-1FDD-4954-9F92-03FF547D9080}.Release|x64.Build.0 = Release|Any CPU
		{58F6C80C-1253-4A0E-A465-B8C85EBEADF3}.Debug|Any CPU.ActiveCfg = Debug|Any CPU
		{58F6C80C-1253-4A0E-A465-B8C85EBEADF3}.Debug|Any CPU.Build.0 = Debug|Any CPU
		{58F6C80C-1253-4A0E-A465-B8C85EBEADF3}.Debug|iPhone.ActiveCfg = Debug|Any CPU
		{58F6C80C-1253-4A0E-A465-B8C85EBEADF3}.Debug|iPhone.Build.0 = Debug|Any CPU
		{58F6C80C-1253-4A0E-A465-B8C85EBEADF3}.Debug|iPhoneSimulator.ActiveCfg = Debug|Any CPU
		{58F6C80C-1253-4A0E-A465-B8C85EBEADF3}.Debug|iPhoneSimulator.Build.0 = Debug|Any CPU
		{58F6C80C-1253-4A0E-A465-B8C85EBEADF3}.Debug|x64.ActiveCfg = Debug|Any CPU
		{58F6C80C-1253-4A0E-A465-B8C85EBEADF3}.Debug|x64.Build.0 = Debug|Any CPU
		{58F6C80C-1253-4A0E-A465-B8C85EBEADF3}.Release|Any CPU.ActiveCfg = Release|Any CPU
		{58F6C80C-1253-4A0E-A465-B8C85EBEADF3}.Release|Any CPU.Build.0 = Release|Any CPU
		{58F6C80C-1253-4A0E-A465-B8C85EBEADF3}.Release|iPhone.ActiveCfg = Release|Any CPU
		{58F6C80C-1253-4A0E-A465-B8C85EBEADF3}.Release|iPhone.Build.0 = Release|Any CPU
		{58F6C80C-1253-4A0E-A465-B8C85EBEADF3}.Release|iPhoneSimulator.ActiveCfg = Release|Any CPU
		{58F6C80C-1253-4A0E-A465-B8C85EBEADF3}.Release|iPhoneSimulator.Build.0 = Release|Any CPU
		{58F6C80C-1253-4A0E-A465-B8C85EBEADF3}.Release|x64.ActiveCfg = Release|Any CPU
		{58F6C80C-1253-4A0E-A465-B8C85EBEADF3}.Release|x64.Build.0 = Release|Any CPU
		{F167E17A-7DE6-4AF5-B920-A5112296C695}.Debug|Any CPU.ActiveCfg = Debug|Any CPU
		{F167E17A-7DE6-4AF5-B920-A5112296C695}.Debug|Any CPU.Build.0 = Debug|Any CPU
		{F167E17A-7DE6-4AF5-B920-A5112296C695}.Debug|iPhone.ActiveCfg = Debug|Any CPU
		{F167E17A-7DE6-4AF5-B920-A5112296C695}.Debug|iPhone.Build.0 = Debug|Any CPU
		{F167E17A-7DE6-4AF5-B920-A5112296C695}.Debug|iPhoneSimulator.ActiveCfg = Debug|Any CPU
		{F167E17A-7DE6-4AF5-B920-A5112296C695}.Debug|iPhoneSimulator.Build.0 = Debug|Any CPU
		{F167E17A-7DE6-4AF5-B920-A5112296C695}.Debug|x64.ActiveCfg = Debug|Any CPU
		{F167E17A-7DE6-4AF5-B920-A5112296C695}.Debug|x64.Build.0 = Debug|Any CPU
		{F167E17A-7DE6-4AF5-B920-A5112296C695}.Release|Any CPU.ActiveCfg = Release|Any CPU
		{F167E17A-7DE6-4AF5-B920-A5112296C695}.Release|Any CPU.Build.0 = Release|Any CPU
		{F167E17A-7DE6-4AF5-B920-A5112296C695}.Release|iPhone.ActiveCfg = Release|Any CPU
		{F167E17A-7DE6-4AF5-B920-A5112296C695}.Release|iPhone.Build.0 = Release|Any CPU
		{F167E17A-7DE6-4AF5-B920-A5112296C695}.Release|iPhoneSimulator.ActiveCfg = Release|Any CPU
		{F167E17A-7DE6-4AF5-B920-A5112296C695}.Release|iPhoneSimulator.Build.0 = Release|Any CPU
		{F167E17A-7DE6-4AF5-B920-A5112296C695}.Release|x64.ActiveCfg = Release|Any CPU
		{F167E17A-7DE6-4AF5-B920-A5112296C695}.Release|x64.Build.0 = Release|Any CPU
		{48F4582B-7687-4621-9CBE-5C24197CB536}.Debug|Any CPU.ActiveCfg = Debug|Any CPU
		{48F4582B-7687-4621-9CBE-5C24197CB536}.Debug|Any CPU.Build.0 = Debug|Any CPU
		{48F4582B-7687-4621-9CBE-5C24197CB536}.Debug|iPhone.ActiveCfg = Debug|Any CPU
		{48F4582B-7687-4621-9CBE-5C24197CB536}.Debug|iPhone.Build.0 = Debug|Any CPU
		{48F4582B-7687-4621-9CBE-5C24197CB536}.Debug|iPhoneSimulator.ActiveCfg = Debug|Any CPU
		{48F4582B-7687-4621-9CBE-5C24197CB536}.Debug|iPhoneSimulator.Build.0 = Debug|Any CPU
		{48F4582B-7687-4621-9CBE-5C24197CB536}.Debug|x64.ActiveCfg = Debug|Any CPU
		{48F4582B-7687-4621-9CBE-5C24197CB536}.Debug|x64.Build.0 = Debug|Any CPU
		{48F4582B-7687-4621-9CBE-5C24197CB536}.Release|Any CPU.ActiveCfg = Release|Any CPU
		{48F4582B-7687-4621-9CBE-5C24197CB536}.Release|Any CPU.Build.0 = Release|Any CPU
		{48F4582B-7687-4621-9CBE-5C24197CB536}.Release|iPhone.ActiveCfg = Release|Any CPU
		{48F4582B-7687-4621-9CBE-5C24197CB536}.Release|iPhone.Build.0 = Release|Any CPU
		{48F4582B-7687-4621-9CBE-5C24197CB536}.Release|iPhoneSimulator.ActiveCfg = Release|Any CPU
		{48F4582B-7687-4621-9CBE-5C24197CB536}.Release|iPhoneSimulator.Build.0 = Release|Any CPU
		{48F4582B-7687-4621-9CBE-5C24197CB536}.Release|x64.ActiveCfg = Release|Any CPU
		{48F4582B-7687-4621-9CBE-5C24197CB536}.Release|x64.Build.0 = Release|Any CPU
		{54377672-20B1-40AF-8087-5CF73BF3953A}.Debug|Any CPU.ActiveCfg = Debug|Any CPU
		{54377672-20B1-40AF-8087-5CF73BF3953A}.Debug|Any CPU.Build.0 = Debug|Any CPU
		{54377672-20B1-40AF-8087-5CF73BF3953A}.Debug|iPhone.ActiveCfg = Debug|Any CPU
		{54377672-20B1-40AF-8087-5CF73BF3953A}.Debug|iPhone.Build.0 = Debug|Any CPU
		{54377672-20B1-40AF-8087-5CF73BF3953A}.Debug|iPhoneSimulator.ActiveCfg = Debug|Any CPU
		{54377672-20B1-40AF-8087-5CF73BF3953A}.Debug|iPhoneSimulator.Build.0 = Debug|Any CPU
		{54377672-20B1-40AF-8087-5CF73BF3953A}.Debug|x64.ActiveCfg = Debug|Any CPU
		{54377672-20B1-40AF-8087-5CF73BF3953A}.Debug|x64.Build.0 = Debug|Any CPU
		{54377672-20B1-40AF-8087-5CF73BF3953A}.Release|Any CPU.ActiveCfg = Release|Any CPU
		{54377672-20B1-40AF-8087-5CF73BF3953A}.Release|Any CPU.Build.0 = Release|Any CPU
		{54377672-20B1-40AF-8087-5CF73BF3953A}.Release|iPhone.ActiveCfg = Release|Any CPU
		{54377672-20B1-40AF-8087-5CF73BF3953A}.Release|iPhone.Build.0 = Release|Any CPU
		{54377672-20B1-40AF-8087-5CF73BF3953A}.Release|iPhoneSimulator.ActiveCfg = Release|Any CPU
		{54377672-20B1-40AF-8087-5CF73BF3953A}.Release|iPhoneSimulator.Build.0 = Release|Any CPU
		{54377672-20B1-40AF-8087-5CF73BF3953A}.Release|x64.ActiveCfg = Release|Any CPU
		{54377672-20B1-40AF-8087-5CF73BF3953A}.Release|x64.Build.0 = Release|Any CPU
		{419659FD-72EA-4678-9EB8-B22A746CED70}.Debug|Any CPU.ActiveCfg = Debug|Any CPU
		{419659FD-72EA-4678-9EB8-B22A746CED70}.Debug|Any CPU.Build.0 = Debug|Any CPU
		{419659FD-72EA-4678-9EB8-B22A746CED70}.Debug|iPhone.ActiveCfg = Debug|Any CPU
		{419659FD-72EA-4678-9EB8-B22A746CED70}.Debug|iPhone.Build.0 = Debug|Any CPU
		{419659FD-72EA-4678-9EB8-B22A746CED70}.Debug|iPhoneSimulator.ActiveCfg = Debug|Any CPU
		{419659FD-72EA-4678-9EB8-B22A746CED70}.Debug|iPhoneSimulator.Build.0 = Debug|Any CPU
		{419659FD-72EA-4678-9EB8-B22A746CED70}.Debug|x64.ActiveCfg = Debug|Any CPU
		{419659FD-72EA-4678-9EB8-B22A746CED70}.Debug|x64.Build.0 = Debug|Any CPU
		{419659FD-72EA-4678-9EB8-B22A746CED70}.Release|Any CPU.ActiveCfg = Release|Any CPU
		{419659FD-72EA-4678-9EB8-B22A746CED70}.Release|Any CPU.Build.0 = Release|Any CPU
		{419659FD-72EA-4678-9EB8-B22A746CED70}.Release|iPhone.ActiveCfg = Release|Any CPU
		{419659FD-72EA-4678-9EB8-B22A746CED70}.Release|iPhone.Build.0 = Release|Any CPU
		{419659FD-72EA-4678-9EB8-B22A746CED70}.Release|iPhoneSimulator.ActiveCfg = Release|Any CPU
		{419659FD-72EA-4678-9EB8-B22A746CED70}.Release|iPhoneSimulator.Build.0 = Release|Any CPU
		{419659FD-72EA-4678-9EB8-B22A746CED70}.Release|x64.ActiveCfg = Release|Any CPU
		{419659FD-72EA-4678-9EB8-B22A746CED70}.Release|x64.Build.0 = Release|Any CPU
		{3AD63355-D6B1-4365-8D31-5652C989BEF1}.Debug|Any CPU.ActiveCfg = Debug|Any CPU
		{3AD63355-D6B1-4365-8D31-5652C989BEF1}.Debug|Any CPU.Build.0 = Debug|Any CPU
		{3AD63355-D6B1-4365-8D31-5652C989BEF1}.Debug|iPhone.ActiveCfg = Debug|Any CPU
		{3AD63355-D6B1-4365-8D31-5652C989BEF1}.Debug|iPhone.Build.0 = Debug|Any CPU
		{3AD63355-D6B1-4365-8D31-5652C989BEF1}.Debug|iPhoneSimulator.ActiveCfg = Debug|Any CPU
		{3AD63355-D6B1-4365-8D31-5652C989BEF1}.Debug|iPhoneSimulator.Build.0 = Debug|Any CPU
		{3AD63355-D6B1-4365-8D31-5652C989BEF1}.Debug|x64.ActiveCfg = Debug|Any CPU
		{3AD63355-D6B1-4365-8D31-5652C989BEF1}.Debug|x64.Build.0 = Debug|Any CPU
		{3AD63355-D6B1-4365-8D31-5652C989BEF1}.Release|Any CPU.ActiveCfg = Release|Any CPU
		{3AD63355-D6B1-4365-8D31-5652C989BEF1}.Release|Any CPU.Build.0 = Release|Any CPU
		{3AD63355-D6B1-4365-8D31-5652C989BEF1}.Release|iPhone.ActiveCfg = Release|Any CPU
		{3AD63355-D6B1-4365-8D31-5652C989BEF1}.Release|iPhone.Build.0 = Release|Any CPU
		{3AD63355-D6B1-4365-8D31-5652C989BEF1}.Release|iPhoneSimulator.ActiveCfg = Release|Any CPU
		{3AD63355-D6B1-4365-8D31-5652C989BEF1}.Release|iPhoneSimulator.Build.0 = Release|Any CPU
		{3AD63355-D6B1-4365-8D31-5652C989BEF1}.Release|x64.ActiveCfg = Release|Any CPU
		{3AD63355-D6B1-4365-8D31-5652C989BEF1}.Release|x64.Build.0 = Release|Any CPU
		{7E9E9C34-B204-406B-82E2-E01E900699CD}.Debug|Any CPU.ActiveCfg = Debug|Any CPU
		{7E9E9C34-B204-406B-82E2-E01E900699CD}.Debug|Any CPU.Build.0 = Debug|Any CPU
		{7E9E9C34-B204-406B-82E2-E01E900699CD}.Debug|iPhone.ActiveCfg = Debug|Any CPU
		{7E9E9C34-B204-406B-82E2-E01E900699CD}.Debug|iPhone.Build.0 = Debug|Any CPU
		{7E9E9C34-B204-406B-82E2-E01E900699CD}.Debug|iPhoneSimulator.ActiveCfg = Debug|Any CPU
		{7E9E9C34-B204-406B-82E2-E01E900699CD}.Debug|iPhoneSimulator.Build.0 = Debug|Any CPU
		{7E9E9C34-B204-406B-82E2-E01E900699CD}.Debug|x64.ActiveCfg = Debug|Any CPU
		{7E9E9C34-B204-406B-82E2-E01E900699CD}.Debug|x64.Build.0 = Debug|Any CPU
		{7E9E9C34-B204-406B-82E2-E01E900699CD}.Release|Any CPU.ActiveCfg = Release|Any CPU
		{7E9E9C34-B204-406B-82E2-E01E900699CD}.Release|Any CPU.Build.0 = Release|Any CPU
		{7E9E9C34-B204-406B-82E2-E01E900699CD}.Release|iPhone.ActiveCfg = Release|Any CPU
		{7E9E9C34-B204-406B-82E2-E01E900699CD}.Release|iPhone.Build.0 = Release|Any CPU
		{7E9E9C34-B204-406B-82E2-E01E900699CD}.Release|iPhoneSimulator.ActiveCfg = Release|Any CPU
		{7E9E9C34-B204-406B-82E2-E01E900699CD}.Release|iPhoneSimulator.Build.0 = Release|Any CPU
		{7E9E9C34-B204-406B-82E2-E01E900699CD}.Release|x64.ActiveCfg = Release|Any CPU
		{7E9E9C34-B204-406B-82E2-E01E900699CD}.Release|x64.Build.0 = Release|Any CPU
		{B698561F-FB28-46B1-857E-3CA7B92F9D70}.Debug|Any CPU.ActiveCfg = Debug|Any CPU
		{B698561F-FB28-46B1-857E-3CA7B92F9D70}.Debug|Any CPU.Build.0 = Debug|Any CPU
		{B698561F-FB28-46B1-857E-3CA7B92F9D70}.Debug|iPhone.ActiveCfg = Debug|Any CPU
		{B698561F-FB28-46B1-857E-3CA7B92F9D70}.Debug|iPhone.Build.0 = Debug|Any CPU
		{B698561F-FB28-46B1-857E-3CA7B92F9D70}.Debug|iPhoneSimulator.ActiveCfg = Debug|Any CPU
		{B698561F-FB28-46B1-857E-3CA7B92F9D70}.Debug|iPhoneSimulator.Build.0 = Debug|Any CPU
		{B698561F-FB28-46B1-857E-3CA7B92F9D70}.Debug|x64.ActiveCfg = Debug|Any CPU
		{B698561F-FB28-46B1-857E-3CA7B92F9D70}.Debug|x64.Build.0 = Debug|Any CPU
		{B698561F-FB28-46B1-857E-3CA7B92F9D70}.Release|Any CPU.ActiveCfg = Release|Any CPU
		{B698561F-FB28-46B1-857E-3CA7B92F9D70}.Release|Any CPU.Build.0 = Release|Any CPU
		{B698561F-FB28-46B1-857E-3CA7B92F9D70}.Release|iPhone.ActiveCfg = Release|Any CPU
		{B698561F-FB28-46B1-857E-3CA7B92F9D70}.Release|iPhone.Build.0 = Release|Any CPU
		{B698561F-FB28-46B1-857E-3CA7B92F9D70}.Release|iPhoneSimulator.ActiveCfg = Release|Any CPU
		{B698561F-FB28-46B1-857E-3CA7B92F9D70}.Release|iPhoneSimulator.Build.0 = Release|Any CPU
		{B698561F-FB28-46B1-857E-3CA7B92F9D70}.Release|x64.ActiveCfg = Release|Any CPU
		{B698561F-FB28-46B1-857E-3CA7B92F9D70}.Release|x64.Build.0 = Release|Any CPU
		{6A2D5D58-0261-4A75-BE84-2BE8B076B7C2}.Debug|Any CPU.ActiveCfg = Debug|Any CPU
		{6A2D5D58-0261-4A75-BE84-2BE8B076B7C2}.Debug|Any CPU.Build.0 = Debug|Any CPU
		{6A2D5D58-0261-4A75-BE84-2BE8B076B7C2}.Debug|iPhone.ActiveCfg = Debug|Any CPU
		{6A2D5D58-0261-4A75-BE84-2BE8B076B7C2}.Debug|iPhone.Build.0 = Debug|Any CPU
		{6A2D5D58-0261-4A75-BE84-2BE8B076B7C2}.Debug|iPhoneSimulator.ActiveCfg = Debug|Any CPU
		{6A2D5D58-0261-4A75-BE84-2BE8B076B7C2}.Debug|iPhoneSimulator.Build.0 = Debug|Any CPU
		{6A2D5D58-0261-4A75-BE84-2BE8B076B7C2}.Debug|x64.ActiveCfg = Debug|Any CPU
		{6A2D5D58-0261-4A75-BE84-2BE8B076B7C2}.Debug|x64.Build.0 = Debug|Any CPU
		{6A2D5D58-0261-4A75-BE84-2BE8B076B7C2}.Release|Any CPU.ActiveCfg = Release|Any CPU
		{6A2D5D58-0261-4A75-BE84-2BE8B076B7C2}.Release|Any CPU.Build.0 = Release|Any CPU
		{6A2D5D58-0261-4A75-BE84-2BE8B076B7C2}.Release|iPhone.ActiveCfg = Release|Any CPU
		{6A2D5D58-0261-4A75-BE84-2BE8B076B7C2}.Release|iPhone.Build.0 = Release|Any CPU
		{6A2D5D58-0261-4A75-BE84-2BE8B076B7C2}.Release|iPhoneSimulator.ActiveCfg = Release|Any CPU
		{6A2D5D58-0261-4A75-BE84-2BE8B076B7C2}.Release|iPhoneSimulator.Build.0 = Release|Any CPU
		{6A2D5D58-0261-4A75-BE84-2BE8B076B7C2}.Release|x64.ActiveCfg = Release|Any CPU
		{6A2D5D58-0261-4A75-BE84-2BE8B076B7C2}.Release|x64.Build.0 = Release|Any CPU
		{5672CA4D-1B37-425B-A118-A8DA26E78938}.Debug|Any CPU.ActiveCfg = Debug|Any CPU
		{5672CA4D-1B37-425B-A118-A8DA26E78938}.Debug|Any CPU.Build.0 = Debug|Any CPU
		{5672CA4D-1B37-425B-A118-A8DA26E78938}.Debug|iPhone.ActiveCfg = Debug|Any CPU
		{5672CA4D-1B37-425B-A118-A8DA26E78938}.Debug|iPhone.Build.0 = Debug|Any CPU
		{5672CA4D-1B37-425B-A118-A8DA26E78938}.Debug|iPhoneSimulator.ActiveCfg = Debug|Any CPU
		{5672CA4D-1B37-425B-A118-A8DA26E78938}.Debug|iPhoneSimulator.Build.0 = Debug|Any CPU
		{5672CA4D-1B37-425B-A118-A8DA26E78938}.Debug|x64.ActiveCfg = Debug|Any CPU
		{5672CA4D-1B37-425B-A118-A8DA26E78938}.Debug|x64.Build.0 = Debug|Any CPU
		{5672CA4D-1B37-425B-A118-A8DA26E78938}.Release|Any CPU.ActiveCfg = Release|Any CPU
		{5672CA4D-1B37-425B-A118-A8DA26E78938}.Release|Any CPU.Build.0 = Release|Any CPU
		{5672CA4D-1B37-425B-A118-A8DA26E78938}.Release|iPhone.ActiveCfg = Release|Any CPU
		{5672CA4D-1B37-425B-A118-A8DA26E78938}.Release|iPhone.Build.0 = Release|Any CPU
		{5672CA4D-1B37-425B-A118-A8DA26E78938}.Release|iPhoneSimulator.ActiveCfg = Release|Any CPU
		{5672CA4D-1B37-425B-A118-A8DA26E78938}.Release|iPhoneSimulator.Build.0 = Release|Any CPU
		{5672CA4D-1B37-425B-A118-A8DA26E78938}.Release|x64.ActiveCfg = Release|Any CPU
		{5672CA4D-1B37-425B-A118-A8DA26E78938}.Release|x64.Build.0 = Release|Any CPU
		{5789E78D-38F9-4072-AB7B-978F34B2C17F}.Debug|Any CPU.ActiveCfg = Debug|Any CPU
		{5789E78D-38F9-4072-AB7B-978F34B2C17F}.Debug|Any CPU.Build.0 = Debug|Any CPU
		{5789E78D-38F9-4072-AB7B-978F34B2C17F}.Debug|iPhone.ActiveCfg = Debug|Any CPU
		{5789E78D-38F9-4072-AB7B-978F34B2C17F}.Debug|iPhone.Build.0 = Debug|Any CPU
		{5789E78D-38F9-4072-AB7B-978F34B2C17F}.Debug|iPhoneSimulator.ActiveCfg = Debug|Any CPU
		{5789E78D-38F9-4072-AB7B-978F34B2C17F}.Debug|iPhoneSimulator.Build.0 = Debug|Any CPU
		{5789E78D-38F9-4072-AB7B-978F34B2C17F}.Debug|x64.ActiveCfg = Debug|Any CPU
		{5789E78D-38F9-4072-AB7B-978F34B2C17F}.Debug|x64.Build.0 = Debug|Any CPU
		{5789E78D-38F9-4072-AB7B-978F34B2C17F}.Release|Any CPU.ActiveCfg = Release|Any CPU
		{5789E78D-38F9-4072-AB7B-978F34B2C17F}.Release|Any CPU.Build.0 = Release|Any CPU
		{5789E78D-38F9-4072-AB7B-978F34B2C17F}.Release|iPhone.ActiveCfg = Release|Any CPU
		{5789E78D-38F9-4072-AB7B-978F34B2C17F}.Release|iPhone.Build.0 = Release|Any CPU
		{5789E78D-38F9-4072-AB7B-978F34B2C17F}.Release|iPhoneSimulator.ActiveCfg = Release|Any CPU
		{5789E78D-38F9-4072-AB7B-978F34B2C17F}.Release|iPhoneSimulator.Build.0 = Release|Any CPU
		{5789E78D-38F9-4072-AB7B-978F34B2C17F}.Release|x64.ActiveCfg = Release|Any CPU
		{5789E78D-38F9-4072-AB7B-978F34B2C17F}.Release|x64.Build.0 = Release|Any CPU
		{93632F2D-2BB4-46C1-A7B8-F8CF2FB27118}.Debug|Any CPU.ActiveCfg = Debug|Any CPU
		{93632F2D-2BB4-46C1-A7B8-F8CF2FB27118}.Debug|Any CPU.Build.0 = Debug|Any CPU
		{93632F2D-2BB4-46C1-A7B8-F8CF2FB27118}.Debug|iPhone.ActiveCfg = Debug|Any CPU
		{93632F2D-2BB4-46C1-A7B8-F8CF2FB27118}.Debug|iPhone.Build.0 = Debug|Any CPU
		{93632F2D-2BB4-46C1-A7B8-F8CF2FB27118}.Debug|iPhoneSimulator.ActiveCfg = Debug|Any CPU
		{93632F2D-2BB4-46C1-A7B8-F8CF2FB27118}.Debug|iPhoneSimulator.Build.0 = Debug|Any CPU
		{93632F2D-2BB4-46C1-A7B8-F8CF2FB27118}.Debug|x64.ActiveCfg = Debug|Any CPU
		{93632F2D-2BB4-46C1-A7B8-F8CF2FB27118}.Debug|x64.Build.0 = Debug|Any CPU
		{93632F2D-2BB4-46C1-A7B8-F8CF2FB27118}.Release|Any CPU.ActiveCfg = Release|Any CPU
		{93632F2D-2BB4-46C1-A7B8-F8CF2FB27118}.Release|Any CPU.Build.0 = Release|Any CPU
		{93632F2D-2BB4-46C1-A7B8-F8CF2FB27118}.Release|iPhone.ActiveCfg = Release|Any CPU
		{93632F2D-2BB4-46C1-A7B8-F8CF2FB27118}.Release|iPhone.Build.0 = Release|Any CPU
		{93632F2D-2BB4-46C1-A7B8-F8CF2FB27118}.Release|iPhoneSimulator.ActiveCfg = Release|Any CPU
		{93632F2D-2BB4-46C1-A7B8-F8CF2FB27118}.Release|iPhoneSimulator.Build.0 = Release|Any CPU
		{93632F2D-2BB4-46C1-A7B8-F8CF2FB27118}.Release|x64.ActiveCfg = Release|Any CPU
		{93632F2D-2BB4-46C1-A7B8-F8CF2FB27118}.Release|x64.Build.0 = Release|Any CPU
	EndGlobalSection
	GlobalSection(SolutionProperties) = preSolution
		HideSolutionNode = FALSE
	EndGlobalSection
	GlobalSection(ExtensibilityGlobals) = postSolution
		SolutionGuid = {671B0BEC-2403-45B0-9357-2C97CC517668}
	EndGlobalSection
EndGlobal
